
Microsoft Visual Studio Solution File, Format Version 12.00
# Visual Studio 15
VisualStudioVersion = 15.0.28307.136
MinimumVisualStudioVersion = 10.0.40219.1
Project("{FAE04EC0-301F-11D3-BF4B-00C04F79EFBC}") = "System.Extensions", "System.Extensions\System.Extensions.csproj", "{8C5BAA36-376C-4423-8A35-53ECB3D4B583}"
EndProject
Project("{FAE04EC0-301F-11D3-BF4B-00C04F79EFBC}") = "ConsoleApp1", "ConsoleApp1\ConsoleApp1.csproj", "{DD4D7DBE-3652-4D5D-A40E-855EAA24B6E7}"
EndProject
Global
	GlobalSection(SolutionConfigurationPlatforms) = preSolution
		Debug|Any CPU = Debug|Any CPU
		Release|Any CPU = Release|Any CPU
	EndGlobalSection
	GlobalSection(ProjectConfigurationPlatforms) = postSolution
		{8C5BAA36-376C-4423-8A35-53ECB3D4B583}.Debug|Any CPU.ActiveCfg = Debug|Any CPU
		{8C5BAA36-376C-4423-8A35-53ECB3D4B583}.Debug|Any CPU.Build.0 = Debug|Any CPU
		{8C5BAA36-376C-4423-8A35-53ECB3D4B583}.Release|Any CPU.ActiveCfg = Release|Any CPU
		{8C5BAA36-376C-4423-8A35-53ECB3D4B583}.Release|Any CPU.Build.0 = Release|Any CPU
		{DD4D7DBE-3652-4D5D-A40E-855EAA24B6E7}.Debug|Any CPU.ActiveCfg = Debug|Any CPU
		{DD4D7DBE-3652-4D5D-A40E-855EAA24B6E7}.Debug|Any CPU.Build.0 = Debug|Any CPU
		{DD4D7DBE-3652-4D5D-A40E-855EAA24B6E7}.Release|Any CPU.ActiveCfg = Release|Any CPU
		{DD4D7DBE-3652-4D5D-A40E-855EAA24B6E7}.Release|Any CPU.Build.0 = Release|Any CPU
	EndGlobalSection
	GlobalSection(SolutionProperties) = preSolution
		HideSolutionNode = FALSE
	EndGlobalSection
	GlobalSection(ExtensibilityGlobals) = postSolution
		SolutionGuid = {1E4883DA-98D5-4A02-9F20-1FCD592AFD7F}
	EndGlobalSection
EndGlobal
